
Microsoft Visual Studio Solution File, Format Version 12.00
# Visual Studio 15
VisualStudioVersion = 15.0.28307.539
MinimumVisualStudioVersion = 10.0.40219.1
Project("{FAE04EC0-301F-11D3-BF4B-00C04F79EFBC}") = "Entidades", "Entidades\Entidades.csproj", "{78762EFB-1DD9-4FDC-BD93-F8B6234B67E1}"
EndProject
Project("{FAE04EC0-301F-11D3-BF4B-00C04F79EFBC}") = "MainCorreo", "FrmPpal\MainCorreo.csproj", "{34526ED5-B552-4DF6-A2A6-23C4DCE9F5A2}"
EndProject
Project("{FAE04EC0-301F-11D3-BF4B-00C04F79EFBC}") = "TextUnitario", "TextUnitario\TextUnitario.csproj", "{07EE337C-B6D8-4B97-94EC-ED08DDCB2185}"
EndProject
Global
	GlobalSection(SolutionConfigurationPlatforms) = preSolution
		Debug|Any CPU = Debug|Any CPU
		Release|Any CPU = Release|Any CPU
	EndGlobalSection
	GlobalSection(ProjectConfigurationPlatforms) = postSolution
		{78762EFB-1DD9-4FDC-BD93-F8B6234B67E1}.Debug|Any CPU.ActiveCfg = Debug|Any CPU
		{78762EFB-1DD9-4FDC-BD93-F8B6234B67E1}.Debug|Any CPU.Build.0 = Debug|Any CPU
		{78762EFB-1DD9-4FDC-BD93-F8B6234B67E1}.Release|Any CPU.ActiveCfg = Release|Any CPU
		{78762EFB-1DD9-4FDC-BD93-F8B6234B67E1}.Release|Any CPU.Build.0 = Release|Any CPU
		{34526ED5-B552-4DF6-A2A6-23C4DCE9F5A2}.Debug|Any CPU.ActiveCfg = Debug|Any CPU
		{34526ED5-B552-4DF6-A2A6-23C4DCE9F5A2}.Debug|Any CPU.Build.0 = Debug|Any CPU
		{34526ED5-B552-4DF6-A2A6-23C4DCE9F5A2}.Release|Any CPU.ActiveCfg = Release|Any CPU
		{34526ED5-B552-4DF6-A2A6-23C4DCE9F5A2}.Release|Any CPU.Build.0 = Release|Any CPU
		{07EE337C-B6D8-4B97-94EC-ED08DDCB2185}.Debug|Any CPU.ActiveCfg = Debug|Any CPU
		{07EE337C-B6D8-4B97-94EC-ED08DDCB2185}.Debug|Any CPU.Build.0 = Debug|Any CPU
		{07EE337C-B6D8-4B97-94EC-ED08DDCB2185}.Release|Any CPU.ActiveCfg = Release|Any CPU
		{07EE337C-B6D8-4B97-94EC-ED08DDCB2185}.Release|Any CPU.Build.0 = Release|Any CPU
	EndGlobalSection
	GlobalSection(SolutionProperties) = preSolution
		HideSolutionNode = FALSE
	EndGlobalSection
	GlobalSection(ExtensibilityGlobals) = postSolution
		SolutionGuid = {235CCDF4-4674-4BE9-9FBD-7ABF3F9BDE8A}
	EndGlobalSection
EndGlobal
